
Microsoft Visual Studio Solution File, Format Version 12.00
# Visual Studio Version 16
VisualStudioVersion = 16.0.30011.22
MinimumVisualStudioVersion = 10.0.40219.1
Project("{9A19103F-16F7-4668-BE54-9A1E7A4F7556}") = "Biotaxonomicon", "Biotaxonomicon\Biotaxonomicon.csproj", "{F4910AD4-8D55-404C-AAA4-A0668ED853EC}"
EndProject
Global
	GlobalSection(SolutionConfigurationPlatforms) = preSolution
		Debug|Any CPU = Debug|Any CPU
		Release|Any CPU = Release|Any CPU
	EndGlobalSection
	GlobalSection(ProjectConfigurationPlatforms) = postSolution
		{F4910AD4-8D55-404C-AAA4-A0668ED853EC}.Debug|Any CPU.ActiveCfg = Debug|Any CPU
		{F4910AD4-8D55-404C-AAA4-A0668ED853EC}.Debug|Any CPU.Build.0 = Debug|Any CPU
		{F4910AD4-8D55-404C-AAA4-A0668ED853EC}.Release|Any CPU.ActiveCfg = Release|Any CPU
		{F4910AD4-8D55-404C-AAA4-A0668ED853EC}.Release|Any CPU.Build.0 = Release|Any CPU
	EndGlobalSection
	GlobalSection(SolutionProperties) = preSolution
		HideSolutionNode = FALSE
	EndGlobalSection
	GlobalSection(ExtensibilityGlobals) = postSolution
		SolutionGuid = {BCDDB1B1-3EB2-4E5F-8EB8-4915958725C6}
	EndGlobalSection
EndGlobal
